
Microsoft Visual Studio Solution File, Format Version 12.00
# Visual Studio 2017
Project("{FAE04EC0-301F-11D3-BF4B-00C04F79EFBC}") = "SpritePalettes", "SpritePalettes.csproj", "{97AFBD27-2AF3-7D8F-906D-AAD66160A6E3}"
EndProject
Global
	GlobalSection(SolutionConfigurationPlatforms) = preSolution
		Debug|Any CPU = Debug|Any CPU
		Release|Any CPU = Release|Any CPU
	EndGlobalSection
	GlobalSection(ProjectConfigurationPlatforms) = postSolution
		{97AFBD27-2AF3-7D8F-906D-AAD66160A6E3}.Debug|Any CPU.ActiveCfg = Debug|Any CPU
		{97AFBD27-2AF3-7D8F-906D-AAD66160A6E3}.Debug|Any CPU.Build.0 = Debug|Any CPU
		{97AFBD27-2AF3-7D8F-906D-AAD66160A6E3}.Release|Any CPU.ActiveCfg = Release|Any CPU
		{97AFBD27-2AF3-7D8F-906D-AAD66160A6E3}.Release|Any CPU.Build.0 = Release|Any CPU
	EndGlobalSection
	GlobalSection(SolutionProperties) = preSolution
		HideSolutionNode = FALSE
	EndGlobalSection
EndGlobal
